
Microsoft Visual Studio Solution File, Format Version 12.00
# Visual Studio Version 17
VisualStudioVersion = 17.6.33829.357
MinimumVisualStudioVersion = 10.0.40219.1
Project("{FAE04EC0-301F-11D3-BF4B-00C04F79EFBC}") = "SalesCalculator", "SalesCalculator\SalesCalculator.csproj", "{4C494DB5-FD89-4A69-B93E-0FCF54F91720}"
EndProject
Global
	GlobalSection(SolutionConfigurationPlatforms) = preSolution
		Debug|Any CPU = Debug|Any CPU
		Release|Any CPU = Release|Any CPU
	EndGlobalSection
	GlobalSection(ProjectConfigurationPlatforms) = postSolution
		{4C494DB5-FD89-4A69-B93E-0FCF54F91720}.Debug|Any CPU.ActiveCfg = Debug|Any CPU
		{4C494DB5-FD89-4A69-B93E-0FCF54F91720}.Debug|Any CPU.Build.0 = Debug|Any CPU
		{4C494DB5-FD89-4A69-B93E-0FCF54F91720}.Release|Any CPU.ActiveCfg = Release|Any CPU
		{4C494DB5-FD89-4A69-B93E-0FCF54F91720}.Release|Any CPU.Build.0 = Release|Any CPU
	EndGlobalSection
	GlobalSection(SolutionProperties) = preSolution
		HideSolutionNode = FALSE
	EndGlobalSection
	GlobalSection(ExtensibilityGlobals) = postSolution
		SolutionGuid = {365267F0-DCCB-4243-998F-06FDD31DF2B7}
	EndGlobalSection
EndGlobal
